
Microsoft Visual Studio Solution File, Format Version 12.00
# Visual Studio Version 16
VisualStudioVersion = 16.0.31702.278
MinimumVisualStudioVersion = 10.0.40219.1
Project("{9A19103F-16F7-4668-BE54-9A1E7A4F7556}") = "CourseRegistration", "CourseRegistration.csproj", "{E2BBD342-4CDF-41A9-90F4-88E1E44AFB25}"
EndProject
Project("{FAE04EC0-301F-11D3-BF4B-00C04F79EFBC}") = "RestaurantAPI", "..\RestaurantAPI\RestaurantAPI.csproj", "{00AB24B1-CDB3-49C5-832E-535063CDE7C9}"
EndProject
Global
	GlobalSection(SolutionConfigurationPlatforms) = preSolution
		Debug|Any CPU = Debug|Any CPU
		Release|Any CPU = Release|Any CPU
	EndGlobalSection
	GlobalSection(ProjectConfigurationPlatforms) = postSolution
		{E2BBD342-4CDF-41A9-90F4-88E1E44AFB25}.Debug|Any CPU.ActiveCfg = Debug|Any CPU
		{E2BBD342-4CDF-41A9-90F4-88E1E44AFB25}.Debug|Any CPU.Build.0 = Debug|Any CPU
		{E2BBD342-4CDF-41A9-90F4-88E1E44AFB25}.Release|Any CPU.ActiveCfg = Release|Any CPU
		{E2BBD342-4CDF-41A9-90F4-88E1E44AFB25}.Release|Any CPU.Build.0 = Release|Any CPU
		{00AB24B1-CDB3-49C5-832E-535063CDE7C9}.Debug|Any CPU.ActiveCfg = Debug|Any CPU
		{00AB24B1-CDB3-49C5-832E-535063CDE7C9}.Debug|Any CPU.Build.0 = Debug|Any CPU
		{00AB24B1-CDB3-49C5-832E-535063CDE7C9}.Release|Any CPU.ActiveCfg = Release|Any CPU
		{00AB24B1-CDB3-49C5-832E-535063CDE7C9}.Release|Any CPU.Build.0 = Release|Any CPU
	EndGlobalSection
	GlobalSection(SolutionProperties) = preSolution
		HideSolutionNode = FALSE
	EndGlobalSection
	GlobalSection(ExtensibilityGlobals) = postSolution
		SolutionGuid = {FBD030A4-0AEE-4F13-9577-90EA96D3445C}
	EndGlobalSection
EndGlobal
